
Microsoft Visual Studio Solution File, Format Version 12.00
# Visual Studio Version 16
VisualStudioVersion = 16.0.29001.49
MinimumVisualStudioVersion = 10.0.40219.1
Project("{FAE04EC0-301F-11D3-BF4B-00C04F79EFBC}") = "assignment 2", "assignment 2\assignment 2.csproj", "{5125A790-A3B2-4EC3-9792-AFF7B8A4394C}"
EndProject
Global
	GlobalSection(SolutionConfigurationPlatforms) = preSolution
		Debug|Any CPU = Debug|Any CPU
		Release|Any CPU = Release|Any CPU
	EndGlobalSection
	GlobalSection(ProjectConfigurationPlatforms) = postSolution
		{5125A790-A3B2-4EC3-9792-AFF7B8A4394C}.Debug|Any CPU.ActiveCfg = Debug|Any CPU
		{5125A790-A3B2-4EC3-9792-AFF7B8A4394C}.Debug|Any CPU.Build.0 = Debug|Any CPU
		{5125A790-A3B2-4EC3-9792-AFF7B8A4394C}.Release|Any CPU.ActiveCfg = Release|Any CPU
		{5125A790-A3B2-4EC3-9792-AFF7B8A4394C}.Release|Any CPU.Build.0 = Release|Any CPU
	EndGlobalSection
	GlobalSection(SolutionProperties) = preSolution
		HideSolutionNode = FALSE
	EndGlobalSection
	GlobalSection(ExtensibilityGlobals) = postSolution
		SolutionGuid = {CD8122F5-E2B3-4513-A57D-99701014A4BB}
	EndGlobalSection
EndGlobal
